// !$*UTF8*$!
{
	archiveVersion = 1;
	classes = {
	};
	objectVersion = 77;
	objects = {

/* Begin PBXBuildFile section */
		FA5D83DF3005AA720004E39E /* FirebaseAuth in Frameworks */ = {isa = PBXBuildFile; productRef = FA5D83DE3005AA720004E39E /* FirebaseAuth */; };
		FA5D83E13005AA720004E39E /* FirebaseFirestore in Frameworks */ = {isa = PBXBuildFile; productRef = FA5D83E03005AA720004E39E /* FirebaseFirestore */; };
		FA5D83F03005AA720004E39E /* FirebaseMessaging in Frameworks */ = {isa = PBXBuildFile; productRef = FA5D83F13005AA720004E39E /* FirebaseMessaging */; };
		FA5D83F23005AA720004E39E /* FirebaseFunctions in Frameworks */ = {isa = PBXBuildFile; productRef = FA5D83F33005AA720004E39E /* FirebaseFunctions */; };
/* End PBXBuildFile section */

/* Begin PBXContainerItemProxy section */
		FA5D82E13005699F0004E39E /* PBXContainerItemProxy */ = {
			isa = PBXContainerItemProxy;
			containerPortal = FA5D82CB3005699C0004E39E /* Project object */;
			proxyType = 1;
			remoteGlobalIDString = FA5D82D23005699C0004E39E;
			remoteInfo = UppdragHund;
		};
		FA5D82EB3005699F0004E39E /* PBXContainerItemProxy */ = {
			isa = PBXContainerItemProxy;
			containerPortal = FA5D82CB3005699C0004E39E /* Project object */;
			proxyType = 1;
			remoteGlobalIDString = FA5D82D23005699C0004E39E;
			remoteInfo = UppdragHund;
		};
/* End PBXContainerItemProxy section */

/* Begin PBXFileReference section */
		FA5D82D33005699C0004E39E /* UppdragHund.app */ = {isa = PBXFileReference; explicitFileType = wrapper.application; includeInIndex = 0; path = UppdragHund.app; sourceTree = BUILT_PRODUCTS_DIR; };
		FA5D82E03005699F0004E39E /* UppdragHundTests.xctest */ = {isa = PBXFileReference; explicitFileType = wrapper.cfbundle; includeInIndex = 0; path = UppdragHundTests.xctest; sourceTree = BUILT_PRODUCTS_DIR; };
		FA5D82EA3005699F0004E39E /* UppdragHundUITests.xctest */ = {isa = PBXFileReference; explicitFileType = wrapper.cfbundle; includeInIndex = 0; path = UppdragHundUITests.xctest; sourceTree = BUILT_PRODUCTS_DIR; };
/* End PBXFileReference section */

/* Begin PBXFileSystemSynchronizedRootGroup section */
		FA5D82D53005699C0004E39E /* UppdragHund */ = {
			isa = PBXFileSystemSynchronizedRootGroup;
			path = UppdragHund;
			sourceTree = "<group>";
		};
		FA5D82E33005699F0004E39E /* UppdragHundTests */ = {
			isa = PBXFileSystemSynchronizedRootGroup;
			path = UppdragHundTests;
			sourceTree = "<group>";
		};
		FA5D82ED3005699F0004E39E /* UppdragHundUITests */ = {
			isa = PBXFileSystemSynchronizedRootGroup;
			path = UppdragHundUITests;
			sourceTree = "<group>";
		};
/* End PBXFileSystemSynchronizedRootGroup section */

/* Begin PBXFrameworksBuildPhase section */
		FA5D82D03005699C0004E39E /* Frameworks */ = {
			isa = PBXFrameworksBuildPhase;
			buildActionMask = 2147483647;
			files = (
				FA5D83DF3005AA720004E39E /* FirebaseAuth in Frameworks */,
				FA5D83E13005AA720004E39E /* FirebaseFirestore in Frameworks */,
				FA5D83F03005AA720004E39E /* FirebaseMessaging in Frameworks */,
				FA5D83F23005AA720004E39E /* FirebaseFunctions in Frameworks */,
			);
			runOnlyForDeploymentPostprocessing = 0;
		};
		FA5D82DD3005699F0004E39E /* Frameworks */ = {
			isa = PBXFrameworksBuildPhase;
			buildActionMask = 2147483647;
			files = (
			);
			runOnlyForDeploymentPostprocessing = 0;
		};
		FA5D82E73005699F0004E39E /* Frameworks */ = {
			isa = PBXFrameworksBuildPhase;
			buildActionMask = 2147483647;
			files = (
			);
			runOnlyForDeploymentPostprocessing = 0;
		};
/* End PBXFrameworksBuildPhase section */

/* Begin PBXGroup section */
		FA5D82CA3005699C0004E39E = {
			isa = PBXGroup;
			children = (
				FA5D82D53005699C0004E39E /* UppdragHund */,
				FA5D82E33005699F0004E39E /* UppdragHundTests */,
				FA5D82ED3005699F0004E39E /* UppdragHundUITests */,
				FA5D82D43005699C0004E39E /* Products */,
			);
			sourceTree = "<group>";
		};
		FA5D82D43005699C0004E39E /* Products */ = {
			isa = PBXGroup;
			children = (
				FA5D82D33005699C0004E39E /* UppdragHund.app */,
				FA5D82E03005699F0004E39E /* UppdragHundTests.xctest */,
				FA5D82EA3005699F0004E39E /* UppdragHundUITests.xctest */,
			);
			name = Products;
			sourceTree = "<group>";
		};
/* End PBXGroup section */

/* Begin PBXNativeTarget section */
		FA5D82D23005699C0004E39E /* UppdragHund */ = {
			isa = PBXNativeTarget;
			buildConfigurationList = FA5D82F43005699F0004E39E /* Build configuration list for PBXNativeTarget "UppdragHund" */;
			buildPhases = (
				FA5D82CF3005699C0004E39E /* Sources */,
				FA5D82D03005699C0004E39E /* Frameworks */,
				FA5D82D13005699C0004E39E /* Resources */,
			);
			buildRules = (
			);
			dependencies = (
			);
			fileSystemSynchronizedGroups = (
				FA5D82D53005699C0004E39E /* UppdragHund */,
			);
			name = UppdragHund;
			packageProductDependencies = (
				FA5D83DE3005AA720004E39E /* FirebaseAuth */,
				FA5D83E03005AA720004E39E /* FirebaseFirestore */,
				FA5D83F13005AA720004E39E /* FirebaseMessaging */,
				FA5D83F33005AA720004E39E /* FirebaseFunctions */,
			);
			productName = UppdragHund;
			productReference = FA5D82D33005699C0004E39E /* UppdragHund.app */;
			productType = "com.apple.product-type.application";
		};
		FA5D82DF3005699F0004E39E /* UppdragHundTests */ = {
			isa = PBXNativeTarget;
			buildConfigurationList = FA5D82F73005699F0004E39E /* Build configuration list for PBXNativeTarget "UppdragHundTests" */;
			buildPhases = (
				FA5D82DC3005699F0004E39E /* Sources */,
				FA5D82DD3005699F0004E39E /* Frameworks */,
				FA5D82DE3005699F0004E39E /* Resources */,
			);
			buildRules = (
			);
			dependencies = (
				FA5D82E23005699F0004E39E /* PBXTargetDependency */,
			);
			fileSystemSynchronizedGroups = (
				FA5D82E33005699F0004E39E /* UppdragHundTests */,
			);
			name = UppdragHundTests;
			packageProductDependencies = (
			);
			productName = UppdragHundTests;
			productReference = FA5D82E03005699F0004E39E /* UppdragHundTests.xctest */;
			productType = "com.apple.product-type.bundle.unit-test";
		};
		FA5D82E93005699F0004E39E /* UppdragHundUITests */ = {
			isa = PBXNativeTarget;
			buildConfigurationList = FA5D82FA3005699F0004E39E /* Build configuration list for PBXNativeTarget "UppdragHundUITests" */;
			buildPhases = (
				FA5D82E63005699F0004E39E /* Sources */,
				FA5D82E73005699F0004E39E /* Frameworks */,
				FA5D82E83005699F0004E39E /* Resources */,
			);
			buildRules = (
			);
			dependencies = (
				FA5D82EC3005699F0004E39E /* PBXTargetDependency */,
			);
			fileSystemSynchronizedGroups = (
				FA5D82ED3005699F0004E39E /* UppdragHundUITests */,
			);
			name = UppdragHundUITests;
			packageProductDependencies = (
			);
			productName = UppdragHundUITests;
			productReference = FA5D82EA3005699F0004E39E /* UppdragHundUITests.xctest */;
			productType = "com.apple.product-type.bundle.ui-testing";
		};
/* End PBXNativeTarget section */

/* Begin PBXProject section */
		FA5D82CB3005699C0004E39E /* Project object */ = {
			isa = PBXProject;
			attributes = {
				BuildIndependentTargetsInParallel = 1;
				LastSwiftUpdateCheck = 2660;
				LastUpgradeCheck = 2660;
				TargetAttributes = {
					FA5D82D23005699C0004E39E = {
						CreatedOnToolsVersion = 26.6;
					};
					FA5D82DF3005699F0004E39E = {
						CreatedOnToolsVersion = 26.6;
						TestTargetID = FA5D82D23005699C0004E39E;
					};
					FA5D82E93005699F0004E39E = {
						CreatedOnToolsVersion = 26.6;
						TestTargetID = FA5D82D23005699C0004E39E;
					};
				};
			};
			buildConfigurationList = FA5D82CE3005699C0004E39E /* Build configuration list for PBXProject "UppdragHund" */;
			developmentRegion = en;
			hasScannedForEncodings = 0;
			knownRegions = (
				en,
				Base,
			);
			mainGroup = FA5D82CA3005699C0004E39E;
			minimizedProjectReferenceProxies = 1;
			packageReferences = (
				FA5D83DD3005AA720004E39E /* XCRemoteSwiftPackageReference "firebase-ios-sdk" */,
			);
			preferredProjectObjectVersion = 77;
			productRefGroup = FA5D82D43005699C0004E39E /* Products */;
			projectDirPath = "";
			projectRoot = "";
			targets = (
				FA5D82D23005699C0004E39E /* UppdragHund */,
				FA5D82DF3005699F0004E39E /* UppdragHundTests */,
				FA5D82E93005699F0004E39E /* UppdragHundUITests */,
			);
		};
/* End PBXProject section */

/* Begin PBXResourcesBuildPhase section */
		FA5D82D13005699C0004E39E /* Resources */ = {
			isa = PBXResourcesBuildPhase;
			buildActionMask = 2147483647;
			files = (
			);
			runOnlyForDeploymentPostprocessing = 0;
		};
		FA5D82DE3005699F0004E39E /* Resources */ = {
			isa = PBXResourcesBuildPhase;
			buildActionMask = 2147483647;
			files = (
			);
			runOnlyForDeploymentPostprocessing = 0;
		};
		FA5D82E83005699F0004E39E /* Resources */ = {
			isa = PBXResourcesBuildPhase;
			buildActionMask = 2147483647;
			files = (
			);
			runOnlyForDeploymentPostprocessing = 0;
		};
/* End PBXResourcesBuildPhase section */

/* Begin PBXSourcesBuildPhase section */
		FA5D82CF3005699C0004E39E /* Sources */ = {
			isa = PBXSourcesBuildPhase;
			buildActionMask = 2147483647;
			files = (
			);
			runOnlyForDeploymentPostprocessing = 0;
		};
		FA5D82DC3005699F0004E39E /* Sources */ = {
			isa = PBXSourcesBuildPhase;
			buildActionMask = 2147483647;
			files = (
			);
			runOnlyForDeploymentPostprocessing = 0;
		};
		FA5D82E63005699F0004E39E /* Sources */ = {
			isa = PBXSourcesBuildPhase;
			buildActionMask = 2147483647;
			files = (
			);
			runOnlyForDeploymentPostprocessing = 0;
		};
/* End PBXSourcesBuildPhase section */

/* Begin PBXTargetDependency section */
		FA5D82E23005699F0004E39E /* PBXTargetDependency */ = {
			isa = PBXTargetDependency;
			target = FA5D82D23005699C0004E39E /* UppdragHund */;
			targetProxy = FA5D82E13005699F0004E39E /* PBXContainerItemProxy */;
		};
		FA5D82EC3005699F0004E39E /* PBXTargetDependency */ = {
			isa = PBXTargetDependency;
			target = FA5D82D23005699C0004E39E /* UppdragHund */;
			targetProxy = FA5D82EB3005699F0004E39E /* PBXContainerItemProxy */;
		};
/* End PBXTargetDependency section */

/* Begin XCBuildConfiguration section */
		FA5D82F23005699F0004E39E /* Debug */ = {
			isa = XCBuildConfiguration;
			buildSettings = {
				ALWAYS_SEARCH_USER_PATHS = NO;
				ASSETCATALOG_COMPILER_GENERATE_SWIFT_ASSET_SYMBOL_EXTENSIONS = YES;
				CLANG_ANALYZER_NONNULL = YES;
				CLANG_ANALYZER_NUMBER_OBJECT_CONVERSION = YES_AGGRESSIVE;
				CLANG_CXX_LANGUAGE_STANDARD = "gnu++20";
				CLANG_ENABLE_MODULES = YES;
				CLANG_ENABLE_OBJC_ARC = YES;
				CLANG_ENABLE_OBJC_WEAK = YES;
				CLANG_WARN_BLOCK_CAPTURE_AUTORELEASING = YES;
				CLANG_WARN_BOOL_CONVERSION = YES;
				CLANG_WARN_COMMA = YES;
				CLANG_WARN_CONSTANT_CONVERSION = YES;
				CLANG_WARN_DEPRECATED_OBJC_IMPLEMENTATIONS = YES;
				CLANG_WARN_DIRECT_OBJC_ISA_USAGE = YES_ERROR;
				CLANG_WARN_DOCUMENTATION_COMMENTS = YES;
				CLANG_WARN_EMPTY_BODY = YES;
				CLANG_WARN_ENUM_CONVERSION = YES;
				CLANG_WARN_INFINITE_RECURSION = YES;
				CLANG_WARN_INT_CONVERSION = YES;
				CLANG_WARN_NON_LITERAL_NULL_CONVERSION = YES;
				CLANG_WARN_OBJC_IMPLICIT_RETAIN_SELF = YES;
				CLANG_WARN_OBJC_LITERAL_CONVERSION = YES;
				CLANG_WARN_OBJC_ROOT_CLASS = YES_ERROR;
				CLANG_WARN_QUOTED_INCLUDE_IN_FRAMEWORK_HEADER = YES;
				CLANG_WARN_RANGE_LOOP_ANALYSIS = YES;
				CLANG_WARN_STRICT_PROTOTYPES = YES;
				CLANG_WARN_SUSPICIOUS_MOVE = YES;
				CLANG_WARN_UNGUARDED_AVAILABILITY = YES_AGGRESSIVE;
				CLANG_WARN_UNREACHABLE_CODE = YES;
				CLANG_WARN__DUPLICATE_METHOD_MATCH = YES;
				COPY_PHASE_STRIP = NO;
				DEBUG_INFORMATION_FORMAT = dwarf;
				DEVELOPMENT_TEAM = 9T79773Y2H;
				ENABLE_STRICT_OBJC_MSGSEND = YES;
				ENABLE_TESTABILITY = YES;
				ENABLE_USER_SCRIPT_SANDBOXING = YES;
				GCC_C_LANGUAGE_STANDARD = gnu17;
				GCC_DYNAMIC_NO_PIC = NO;
				GCC_NO_COMMON_BLOCKS = YES;
				GCC_OPTIMIZATION_LEVEL = 0;
				GCC_PREPROCESSOR_DEFINITIONS = (
					"DEBUG=1",
					"$(inherited)",
				);
				GCC_WARN_64_TO_32_BIT_CONVERSION = YES;
				GCC_WARN_ABOUT_RETURN_TYPE = YES_ERROR;
				GCC_WARN_UNDECLARED_SELECTOR = YES;
				GCC_WARN_UNINITIALIZED_AUTOS = YES_AGGRESSIVE;
				GCC_WARN_UNUSED_FUNCTION = YES;
				GCC_WARN_UNUSED_VARIABLE = YES;
				IPHONEOS_DEPLOYMENT_TARGET = 17.0;
				LOCALIZATION_PREFERS_STRING_CATALOGS = YES;
				MTL_ENABLE_DEBUG_INFO = INCLUDE_SOURCE;
				MTL_FAST_MATH = YES;
				ONLY_ACTIVE_ARCH = YES;
				SDKROOT = iphoneos;
				SWIFT_ACTIVE_COMPILATION_CONDITIONS = "DEBUG $(inherited)";
				SWIFT_OPTIMIZATION_LEVEL = "-Onone";
			};
			name = Debug;
		};
		FA5D82F33005699F0004E39E /* Release */ = {
			isa = XCBuildConfiguration;
			buildSettings = {
				ALWAYS_SEARCH_USER_PATHS = NO;
				ASSETCATALOG_COMPILER_GENERATE_SWIFT_ASSET_SYMBOL_EXTENSIONS = YES;
				CLANG_ANALYZER_NONNULL = YES;
				CLANG_ANALYZER_NUMBER_OBJECT_CONVERSION = YES_AGGRESSIVE;
				CLANG_CXX_LANGUAGE_STANDARD = "gnu++20";
				CLANG_ENABLE_MODULES = YES;
				CLANG_ENABLE_OBJC_ARC = YES;
				CLANG_ENABLE_OBJC_WEAK = YES;
				CLANG_WARN_BLOCK_CAPTURE_AUTORELEASING = YES;
				CLANG_WARN_BOOL_CONVERSION = YES;
				CLANG_WARN_COMMA = YES;
				CLANG_WARN_CONSTANT_CONVERSION = YES;
				CLANG_WARN_DEPRECATED_OBJC_IMPLEMENTATIONS = YES;
				CLANG_WARN_DIRECT_OBJC_ISA_USAGE = YES_ERROR;
				CLANG_WARN_DOCUMENTATION_COMMENTS = YES;
				CLANG_WARN_EMPTY_BODY = YES;
				CLANG_WARN_ENUM_CONVERSION = YES;
				CLANG_WARN_INFINITE_RECURSION = YES;
				CLANG_WARN_INT_CONVERSION = YES;
				CLANG_WARN_NON_LITERAL_NULL_CONVERSION = YES;
				CLANG_WARN_OBJC_IMPLICIT_RETAIN_SELF = YES;
				CLANG_WARN_OBJC_LITERAL_CONVERSION = YES;
				CLANG_WARN_OBJC_ROOT_CLASS = YES_ERROR;
				CLANG_WARN_QUOTED_INCLUDE_IN_FRAMEWORK_HEADER = YES;
				CLANG_WARN_RANGE_LOOP_ANALYSIS = YES;
				CLANG_WARN_STRICT_PROTOTYPES = YES;
				CLANG_WARN_SUSPICIOUS_MOVE = YES;
				CLANG_WARN_UNGUARDED_AVAILABILITY = YES_AGGRESSIVE;
				CLANG_WARN_UNREACHABLE_CODE = YES;
				CLANG_WARN__DUPLICATE_METHOD_MATCH = YES;
				COPY_PHASE_STRIP = NO;
				DEBUG_INFORMATION_FORMAT = "dwarf-with-dsym";
				DEVELOPMENT_TEAM = 9T79773Y2H;
				ENABLE_NS_ASSERTIONS = NO;
				ENABLE_STRICT_OBJC_MSGSEND = YES;
				ENABLE_USER_SCRIPT_SANDBOXING = YES;
				GCC_C_LANGUAGE_STANDARD = gnu17;
				GCC_NO_COMMON_BLOCKS = YES;
				GCC_WARN_64_TO_32_BIT_CONVERSION = YES;
				GCC_WARN_ABOUT_RETURN_TYPE = YES_ERROR;
				GCC_WARN_UNDECLARED_SELECTOR = YES;
				GCC_WARN_UNINITIALIZED_AUTOS = YES_AGGRESSIVE;
				GCC_WARN_UNUSED_FUNCTION = YES;
				GCC_WARN_UNUSED_VARIABLE = YES;
				IPHONEOS_DEPLOYMENT_TARGET = 17.0;
				LOCALIZATION_PREFERS_STRING_CATALOGS = YES;
				MTL_ENABLE_DEBUG_INFO = NO;
				MTL_FAST_MATH = YES;
				SDKROOT = iphoneos;
				SWIFT_COMPILATION_MODE = wholemodule;
				VALIDATE_PRODUCT = YES;
			};
			name = Release;
		};
		FA5D82F53005699F0004E39E /* Debug */ = {
			isa = XCBuildConfiguration;
			buildSettings = {
				ASSETCATALOG_COMPILER_APPICON_NAME = AppIcon;
				ASSETCATALOG_COMPILER_GLOBAL_ACCENT_COLOR_NAME = AccentColor;
				CODE_SIGN_ENTITLEMENTS = UppdragHund/UppdragHundRelease.entitlements;
				CODE_SIGN_STYLE = Automatic;
				CURRENT_PROJECT_VERSION = 1;
				DEVELOPMENT_TEAM = 9T79773Y2H;
				ENABLE_PREVIEWS = YES;
				GENERATE_INFOPLIST_FILE = YES;
				INFOPLIST_KEY_CFBundleDisplayName = Canine360;
				INFOPLIST_KEY_ITSAppUsesNonExemptEncryption = NO;
				INFOPLIST_KEY_NSFaceIDUsageDescription = "Används för att bekräfta din identitet innan du raderar ditt konto.";
				INFOPLIST_KEY_NSLocationWhenInUseUsageDescription = "Används för att mäta hur långt du och din hund tränar (t.ex. antal meter i en övning).";
				INFOPLIST_KEY_UIApplicationSceneManifest_Generation = YES;
				INFOPLIST_KEY_UIApplicationSupportsIndirectInputEvents = YES;
				INFOPLIST_KEY_UILaunchScreen_Generation = YES;
				INFOPLIST_KEY_UISupportedInterfaceOrientations_iPad = "UIInterfaceOrientationPortrait UIInterfaceOrientationPortraitUpsideDown UIInterfaceOrientationLandscapeLeft UIInterfaceOrientationLandscapeRight";
				INFOPLIST_KEY_UISupportedInterfaceOrientations_iPhone = "UIInterfaceOrientationPortrait UIInterfaceOrientationLandscapeLeft UIInterfaceOrientationLandscapeRight";
				LD_RUNPATH_SEARCH_PATHS = (
					"$(inherited)",
					"@executable_path/Frameworks",
				);
				MARKETING_VERSION = 1.0;
				PRODUCT_BUNDLE_IDENTIFIER = ElzenenProjects.UppdragHund;
				PRODUCT_NAME = "$(TARGET_NAME)";
				STRING_CATALOG_GENERATE_SYMBOLS = YES;
				SWIFT_APPROACHABLE_CONCURRENCY = YES;
				SWIFT_DEFAULT_ACTOR_ISOLATION = MainActor;
				SWIFT_EMIT_LOC_STRINGS = YES;
				SWIFT_UPCOMING_FEATURE_MEMBER_IMPORT_VISIBILITY = YES;
				SWIFT_VERSION = 5.0;
				TARGETED_DEVICE_FAMILY = "1,2";
			};
			name = Debug;
		};
		FA5D82F63005699F0004E39E /* Release */ = {
			isa = XCBuildConfiguration;
			buildSettings = {
				ASSETCATALOG_COMPILER_APPICON_NAME = AppIcon;
				ASSETCATALOG_COMPILER_GLOBAL_ACCENT_COLOR_NAME = AccentColor;
				CODE_SIGN_ENTITLEMENTS = UppdragHund/UppdragHundRelease.entitlements;
				CODE_SIGN_STYLE = Automatic;
				CURRENT_PROJECT_VERSION = 1;
				DEVELOPMENT_TEAM = 9T79773Y2H;
				ENABLE_PREVIEWS = YES;
				GENERATE_INFOPLIST_FILE = YES;
				INFOPLIST_KEY_CFBundleDisplayName = Canine360;
				INFOPLIST_KEY_ITSAppUsesNonExemptEncryption = NO;
				INFOPLIST_KEY_NSFaceIDUsageDescription = "Används för att bekräfta din identitet innan du raderar ditt konto.";
				INFOPLIST_KEY_NSLocationWhenInUseUsageDescription = "Används för att mäta hur långt du och din hund tränar (t.ex. antal meter i en övning).";
				INFOPLIST_KEY_UIApplicationSceneManifest_Generation = YES;
				INFOPLIST_KEY_UIApplicationSupportsIndirectInputEvents = YES;
				INFOPLIST_KEY_UILaunchScreen_Generation = YES;
				INFOPLIST_KEY_UISupportedInterfaceOrientations_iPad = "UIInterfaceOrientationPortrait UIInterfaceOrientationPortraitUpsideDown UIInterfaceOrientationLandscapeLeft UIInterfaceOrientationLandscapeRight";
				INFOPLIST_KEY_UISupportedInterfaceOrientations_iPhone = "UIInterfaceOrientationPortrait UIInterfaceOrientationLandscapeLeft UIInterfaceOrientationLandscapeRight";
				LD_RUNPATH_SEARCH_PATHS = (
					"$(inherited)",
					"@executable_path/Frameworks",
				);
				MARKETING_VERSION = 1.0;
				PRODUCT_BUNDLE_IDENTIFIER = ElzenenProjects.UppdragHund;
				PRODUCT_NAME = "$(TARGET_NAME)";
				STRING_CATALOG_GENERATE_SYMBOLS = YES;
				SWIFT_APPROACHABLE_CONCURRENCY = YES;
				SWIFT_DEFAULT_ACTOR_ISOLATION = MainActor;
				SWIFT_EMIT_LOC_STRINGS = YES;
				SWIFT_UPCOMING_FEATURE_MEMBER_IMPORT_VISIBILITY = YES;
				SWIFT_VERSION = 5.0;
				TARGETED_DEVICE_FAMILY = "1,2";
			};
			name = Release;
		};
		FA5D82F83005699F0004E39E /* Debug */ = {
			isa = XCBuildConfiguration;
			buildSettings = {
				BUNDLE_LOADER = "$(TEST_HOST)";
				CODE_SIGN_STYLE = Automatic;
				CURRENT_PROJECT_VERSION = 1;
				DEVELOPMENT_TEAM = 9T79773Y2H;
				GENERATE_INFOPLIST_FILE = YES;
				IPHONEOS_DEPLOYMENT_TARGET = 17.0;
				MARKETING_VERSION = 1.0;
				PRODUCT_BUNDLE_IDENTIFIER = ElzenenProjects.UppdragHundTests;
				PRODUCT_NAME = "$(TARGET_NAME)";
				STRING_CATALOG_GENERATE_SYMBOLS = NO;
				SWIFT_APPROACHABLE_CONCURRENCY = YES;
				SWIFT_EMIT_LOC_STRINGS = NO;
				SWIFT_UPCOMING_FEATURE_MEMBER_IMPORT_VISIBILITY = YES;
				SWIFT_VERSION = 5.0;
				TARGETED_DEVICE_FAMILY = "1,2";
				TEST_HOST = "$(BUILT_PRODUCTS_DIR)/UppdragHund.app/$(BUNDLE_EXECUTABLE_FOLDER_PATH)/UppdragHund";
			};
			name = Debug;
		};
		FA5D82F93005699F0004E39E /* Release */ = {
			isa = XCBuildConfiguration;
			buildSettings = {
				BUNDLE_LOADER = "$(TEST_HOST)";
				CODE_SIGN_STYLE = Automatic;
				CURRENT_PROJECT_VERSION = 1;
				DEVELOPMENT_TEAM = 9T79773Y2H;
				GENERATE_INFOPLIST_FILE = YES;
				IPHONEOS_DEPLOYMENT_TARGET = 17.0;
				MARKETING_VERSION = 1.0;
				PRODUCT_BUNDLE_IDENTIFIER = ElzenenProjects.UppdragHundTests;
				PRODUCT_NAME = "$(TARGET_NAME)";
				STRING_CATALOG_GENERATE_SYMBOLS = NO;
				SWIFT_APPROACHABLE_CONCURRENCY = YES;
				SWIFT_EMIT_LOC_STRINGS = NO;
				SWIFT_UPCOMING_FEATURE_MEMBER_IMPORT_VISIBILITY = YES;
				SWIFT_VERSION = 5.0;
				TARGETED_DEVICE_FAMILY = "1,2";
				TEST_HOST = "$(BUILT_PRODUCTS_DIR)/UppdragHund.app/$(BUNDLE_EXECUTABLE_FOLDER_PATH)/UppdragHund";
			};
			name = Release;
		};
		FA5D82FB3005699F0004E39E /* Debug */ = {
			isa = XCBuildConfiguration;
			buildSettings = {
				CODE_SIGN_STYLE = Automatic;
				CURRENT_PROJECT_VERSION = 1;
				DEVELOPMENT_TEAM = 9T79773Y2H;
				GENERATE_INFOPLIST_FILE = YES;
				MARKETING_VERSION = 1.0;
				PRODUCT_BUNDLE_IDENTIFIER = ElzenenProjects.UppdragHundUITests;
				PRODUCT_NAME = "$(TARGET_NAME)";
				STRING_CATALOG_GENERATE_SYMBOLS = NO;
				SWIFT_APPROACHABLE_CONCURRENCY = YES;
				SWIFT_EMIT_LOC_STRINGS = NO;
				SWIFT_UPCOMING_FEATURE_MEMBER_IMPORT_VISIBILITY = YES;
				SWIFT_VERSION = 5.0;
				TARGETED_DEVICE_FAMILY = "1,2";
				TEST_TARGET_NAME = UppdragHund;
			};
			name = Debug;
		};
		FA5D82FC3005699F0004E39E /* Release */ = {
			isa = XCBuildConfiguration;
			buildSettings = {
				CODE_SIGN_STYLE = Automatic;
				CURRENT_PROJECT_VERSION = 1;
				DEVELOPMENT_TEAM = 9T79773Y2H;
				GENERATE_INFOPLIST_FILE = YES;
				MARKETING_VERSION = 1.0;
				PRODUCT_BUNDLE_IDENTIFIER = ElzenenProjects.UppdragHundUITests;
				PRODUCT_NAME = "$(TARGET_NAME)";
				STRING_CATALOG_GENERATE_SYMBOLS = NO;
				SWIFT_APPROACHABLE_CONCURRENCY = YES;
				SWIFT_EMIT_LOC_STRINGS = NO;
				SWIFT_UPCOMING_FEATURE_MEMBER_IMPORT_VISIBILITY = YES;
				SWIFT_VERSION = 5.0;
				TARGETED_DEVICE_FAMILY = "1,2";
				TEST_TARGET_NAME = UppdragHund;
			};
			name = Release;
		};
/* End XCBuildConfiguration section */

/* Begin XCConfigurationList section */
		FA5D82CE3005699C0004E39E /* Build configuration list for PBXProject "UppdragHund" */ = {
			isa = XCConfigurationList;
			buildConfigurations = (
				FA5D82F23005699F0004E39E /* Debug */,
				FA5D82F33005699F0004E39E /* Release */,
			);
			defaultConfigurationIsVisible = 0;
			defaultConfigurationName = Release;
		};
		FA5D82F43005699F0004E39E /* Build configuration list for PBXNativeTarget "UppdragHund" */ = {
			isa = XCConfigurationList;
			buildConfigurations = (
				FA5D82F53005699F0004E39E /* Debug */,
				FA5D82F63005699F0004E39E /* Release */,
			);
			defaultConfigurationIsVisible = 0;
			defaultConfigurationName = Release;
		};
		FA5D82F73005699F0004E39E /* Build configuration list for PBXNativeTarget "UppdragHundTests" */ = {
			isa = XCConfigurationList;
			buildConfigurations = (
				FA5D82F83005699F0004E39E /* Debug */,
				FA5D82F93005699F0004E39E /* Release */,
			);
			defaultConfigurationIsVisible = 0;
			defaultConfigurationName = Release;
		};
		FA5D82FA3005699F0004E39E /* Build configuration list for PBXNativeTarget "UppdragHundUITests" */ = {
			isa = XCConfigurationList;
			buildConfigurations = (
				FA5D82FB3005699F0004E39E /* Debug */,
				FA5D82FC3005699F0004E39E /* Release */,
			);
			defaultConfigurationIsVisible = 0;
			defaultConfigurationName = Release;
		};
/* End XCConfigurationList section */

/* Begin XCRemoteSwiftPackageReference section */
		FA5D83DD3005AA720004E39E /* XCRemoteSwiftPackageReference "firebase-ios-sdk" */ = {
			isa = XCRemoteSwiftPackageReference;
			repositoryURL = "https://github.com/firebase/firebase-ios-sdk";
			requirement = {
				kind = upToNextMajorVersion;
				minimumVersion = 12.16.0;
			};
		};
/* End XCRemoteSwiftPackageReference section */

/* Begin XCSwiftPackageProductDependency section */
		FA5D83DE3005AA720004E39E /* FirebaseAuth */ = {
			isa = XCSwiftPackageProductDependency;
			package = FA5D83DD3005AA720004E39E /* XCRemoteSwiftPackageReference "firebase-ios-sdk" */;
			productName = FirebaseAuth;
		};
		FA5D83E03005AA720004E39E /* FirebaseFirestore */ = {
			isa = XCSwiftPackageProductDependency;
			package = FA5D83DD3005AA720004E39E /* XCRemoteSwiftPackageReference "firebase-ios-sdk" */;
			productName = FirebaseFirestore;
		};
		FA5D83F13005AA720004E39E /* FirebaseMessaging */ = {
			isa = XCSwiftPackageProductDependency;
			package = FA5D83DD3005AA720004E39E /* XCRemoteSwiftPackageReference "firebase-ios-sdk" */;
			productName = FirebaseMessaging;
		};
		FA5D83F33005AA720004E39E /* FirebaseFunctions */ = {
			isa = XCSwiftPackageProductDependency;
			package = FA5D83DD3005AA720004E39E /* XCRemoteSwiftPackageReference "firebase-ios-sdk" */;
			productName = FirebaseFunctions;
		};
/* End XCSwiftPackageProductDependency section */
	};
	rootObject = FA5D82CB3005699C0004E39E /* Project object */;
}
